
Microsoft Visual Studio Solution File, Format Version 12.00
# Visual Studio Version 17
VisualStudioVersion = 17.6.33815.320
MinimumVisualStudioVersion = 10.0.40219.1
Project("{FAE04EC0-301F-11D3-BF4B-00C04F79EFBC}") = "DynamicParser", "DynamicParser\DynamicParser.csproj", "{783C3D5D-3721-401F-A051-8E474A0035B5}"
EndProject
Project("{FAE04EC0-301F-11D3-BF4B-00C04F79EFBC}") = "DynamicParser.Tests", "DynamicParser.Tests\DynamicParser.Tests.csproj", "{0013E607-4230-4F69-8200-9DDC2176A8D0}"
EndProject
Global
	GlobalSection(SolutionConfigurationPlatforms) = preSolution
		Debug|Any CPU = Debug|Any CPU
		Release|Any CPU = Release|Any CPU
	EndGlobalSection
	GlobalSection(ProjectConfigurationPlatforms) = postSolution
		{783C3D5D-3721-401F-A051-8E474A0035B5}.Debug|Any CPU.ActiveCfg = Debug|Any CPU
		{783C3D5D-3721-401F-A051-8E474A0035B5}.Debug|Any CPU.Build.0 = Debug|Any CPU
		{783C3D5D-3721-401F-A051-8E474A0035B5}.Release|Any CPU.ActiveCfg = Release|Any CPU
		{783C3D5D-3721-401F-A051-8E474A0035B5}.Release|Any CPU.Build.0 = Release|Any CPU
		{0013E607-4230-4F69-8200-9DDC2176A8D0}.Debug|Any CPU.ActiveCfg = Debug|Any CPU
		{0013E607-4230-4F69-8200-9DDC2176A8D0}.Debug|Any CPU.Build.0 = Debug|Any CPU
		{0013E607-4230-4F69-8200-9DDC2176A8D0}.Release|Any CPU.ActiveCfg = Release|Any CPU
		{0013E607-4230-4F69-8200-9DDC2176A8D0}.Release|Any CPU.Build.0 = Release|Any CPU
	EndGlobalSection
	GlobalSection(SolutionProperties) = preSolution
		HideSolutionNode = FALSE
	EndGlobalSection
	GlobalSection(ExtensibilityGlobals) = postSolution
		SolutionGuid = {FA6DCA01-3F6A-4515-B3E8-B0BF4C9EDC9E}
	EndGlobalSection
EndGlobal
